
Microsoft Visual Studio Solution File, Format Version 12.00
# Visual Studio 15
VisualStudioVersion = 15.0.27703.2000
MinimumVisualStudioVersion = 10.0.40219.1
Project("{8BC9CEB8-8B4A-11D0-8D11-00A0C91BC942}") = "RaceTheSun", "RaceTheSun\RaceTheSun.vcxproj", "{FAA70247-4C68-4319-AB15-3D88BAD1069B}"
EndProject
Global
	GlobalSection(SolutionConfigurationPlatforms) = preSolution
		Debug|x64 = Debug|x64
		Debug|x86 = Debug|x86
		Release|x64 = Release|x64
		Release|x86 = Release|x86
	EndGlobalSection
	GlobalSection(ProjectConfigurationPlatforms) = postSolution
		{FAA70247-4C68-4319-AB15-3D88BAD1069B}.Debug|x64.ActiveCfg = Debug|x64
		{FAA70247-4C68-4319-AB15-3D88BAD1069B}.Debug|x64.Build.0 = Debug|x64
		{FAA70247-4C68-4319-AB15-3D88BAD1069B}.Debug|x86.ActiveCfg = Debug|Win32
		{FAA70247-4C68-4319-AB15-3D88BAD1069B}.Debug|x86.Build.0 = Debug|Win32
		{FAA70247-4C68-4319-AB15-3D88BAD1069B}.Release|x64.ActiveCfg = Release|x64
		{FAA70247-4C68-4319-AB15-3D88BAD1069B}.Release|x64.Build.0 = Release|x64
		{FAA70247-4C68-4319-AB15-3D88BAD1069B}.Release|x86.ActiveCfg = Release|Win32
		{FAA70247-4C68-4319-AB15-3D88BAD1069B}.Release|x86.Build.0 = Release|Win32
	EndGlobalSection
	GlobalSection(SolutionProperties) = preSolution
		HideSolutionNode = FALSE
	EndGlobalSection
	GlobalSection(ExtensibilityGlobals) = postSolution
		SolutionGuid = {F229012C-2271-4B59-986A-A8F51DC3675C}
	EndGlobalSection
EndGlobal
